
Microsoft Visual Studio Solution File, Format Version 12.00
# Visual Studio Version 17
VisualStudioVersion = 17.3.32929.385
MinimumVisualStudioVersion = 10.0.40219.1
Project("{FAE04EC0-301F-11D3-BF4B-00C04F79EFBC}") = "BezierEğrim", "BezierEğrim\BezierEğrim.csproj", "{1528A1CB-8596-41B2-89E8-CE6069BE291B}"
EndProject
Global
	GlobalSection(SolutionConfigurationPlatforms) = preSolution
		Debug|Any CPU = Debug|Any CPU
		Release|Any CPU = Release|Any CPU
	EndGlobalSection
	GlobalSection(ProjectConfigurationPlatforms) = postSolution
		{1528A1CB-8596-41B2-89E8-CE6069BE291B}.Debug|Any CPU.ActiveCfg = Debug|Any CPU
		{1528A1CB-8596-41B2-89E8-CE6069BE291B}.Debug|Any CPU.Build.0 = Debug|Any CPU
		{1528A1CB-8596-41B2-89E8-CE6069BE291B}.Release|Any CPU.ActiveCfg = Release|Any CPU
		{1528A1CB-8596-41B2-89E8-CE6069BE291B}.Release|Any CPU.Build.0 = Release|Any CPU
	EndGlobalSection
	GlobalSection(SolutionProperties) = preSolution
		HideSolutionNode = FALSE
	EndGlobalSection
	GlobalSection(ExtensibilityGlobals) = postSolution
		SolutionGuid = {24CFBE65-12AE-45C6-BE40-FE8E535783F4}
	EndGlobalSection
EndGlobal
